
Microsoft Visual Studio Solution File, Format Version 11.00
# Visual Studio 2010
Project("{FAE04EC0-301F-11D3-BF4B-00C04F79EFBC}") = "AgentBdd", "AgentBdd\AgentBdd.csproj", "{001D4902-AFDE-496F-AFE7-F97A1375D720}"
EndProject
Global
	GlobalSection(SolutionConfigurationPlatforms) = preSolution
		Debug|Any CPU = Debug|Any CPU
		Release|Any CPU = Release|Any CPU
	EndGlobalSection
	GlobalSection(ProjectConfigurationPlatforms) = postSolution
		{001D4902-AFDE-496F-AFE7-F97A1375D720}.Debug|Any CPU.ActiveCfg = Debug|Any CPU
		{001D4902-AFDE-496F-AFE7-F97A1375D720}.Debug|Any CPU.Build.0 = Debug|Any CPU
		{001D4902-AFDE-496F-AFE7-F97A1375D720}.Release|Any CPU.ActiveCfg = Release|Any CPU
		{001D4902-AFDE-496F-AFE7-F97A1375D720}.Release|Any CPU.Build.0 = Release|Any CPU
	EndGlobalSection
	GlobalSection(SolutionProperties) = preSolution
		HideSolutionNode = FALSE
	EndGlobalSection
EndGlobal
